
Microsoft Visual Studio Solution File, Format Version 12.00
# Visual Studio Version 16
VisualStudioVersion = 16.0.29911.98
MinimumVisualStudioVersion = 10.0.40219.1
Project("{FAE04EC0-301F-11D3-BF4B-00C04F79EFBC}") = "ProductFinder.Android", "ProductFinder.Android\ProductFinder.Android.csproj", "{7253DB73-C962-439B-85DE-19E23A4E8396}"
EndProject
Project("{FAE04EC0-301F-11D3-BF4B-00C04F79EFBC}") = "ProductFinder.iOS", "ProductFinder.iOS\ProductFinder.iOS.csproj", "{5446205D-AC93-439E-9127-47834485662A}"
EndProject
Project("{9A19103F-16F7-4668-BE54-9A1E7A4F7556}") = "ProductFinder.Web", "ProductFinder.Web\ProductFinder.Web.csproj", "{E57F281B-8016-456F-8564-795EE012F75E}"
EndProject
Project("{9A19103F-16F7-4668-BE54-9A1E7A4F7556}") = "ProductFinder", "ProductFinder\ProductFinder.csproj", "{EFC0E05F-2CFF-4520-8BC5-ACCADA885862}"
EndProject
Project("{9A19103F-16F7-4668-BE54-9A1E7A4F7556}") = "ProductFinderCore", "ProductFinderCore\ProductFinderCore\ProductFinderCore.csproj", "{DA4B28F7-27B6-4F6E-83D5-3A6A9AA35193}"
EndProject
Project("{9A19103F-16F7-4668-BE54-9A1E7A4F7556}") = "ProductFinderDal", "ProductFinderDal\ProductFinderDal\ProductFinderDal.csproj", "{2E62378E-81F2-4A71-92AF-4BADFFFC67EB}"
EndProject
Global
	GlobalSection(SolutionConfigurationPlatforms) = preSolution
		Debug|Any CPU = Debug|Any CPU
		Debug|iPhone = Debug|iPhone
		Debug|iPhoneSimulator = Debug|iPhoneSimulator
		Release|Any CPU = Release|Any CPU
		Release|iPhone = Release|iPhone
		Release|iPhoneSimulator = Release|iPhoneSimulator
	EndGlobalSection
	GlobalSection(ProjectConfigurationPlatforms) = postSolution
		{7253DB73-C962-439B-85DE-19E23A4E8396}.Debug|Any CPU.ActiveCfg = Debug|Any CPU
		{7253DB73-C962-439B-85DE-19E23A4E8396}.Debug|Any CPU.Build.0 = Debug|Any CPU
		{7253DB73-C962-439B-85DE-19E23A4E8396}.Debug|Any CPU.Deploy.0 = Debug|Any CPU
		{7253DB73-C962-439B-85DE-19E23A4E8396}.Debug|iPhone.ActiveCfg = Debug|Any CPU
		{7253DB73-C962-439B-85DE-19E23A4E8396}.Debug|iPhone.Build.0 = Debug|Any CPU
		{7253DB73-C962-439B-85DE-19E23A4E8396}.Debug|iPhone.Deploy.0 = Debug|Any CPU
		{7253DB73-C962-439B-85DE-19E23A4E8396}.Debug|iPhoneSimulator.ActiveCfg = Debug|Any CPU
		{7253DB73-C962-439B-85DE-19E23A4E8396}.Debug|iPhoneSimulator.Build.0 = Debug|Any CPU
		{7253DB73-C962-439B-85DE-19E23A4E8396}.Debug|iPhoneSimulator.Deploy.0 = Debug|Any CPU
		{7253DB73-C962-439B-85DE-19E23A4E8396}.Release|Any CPU.ActiveCfg = Release|Any CPU
		{7253DB73-C962-439B-85DE-19E23A4E8396}.Release|Any CPU.Build.0 = Release|Any CPU
		{7253DB73-C962-439B-85DE-19E23A4E8396}.Release|Any CPU.Deploy.0 = Release|Any CPU
		{7253DB73-C962-439B-85DE-19E23A4E8396}.Release|iPhone.ActiveCfg = Release|Any CPU
		{7253DB73-C962-439B-85DE-19E23A4E8396}.Release|iPhone.Build.0 = Release|Any CPU
		{7253DB73-C962-439B-85DE-19E23A4E8396}.Release|iPhone.Deploy.0 = Release|Any CPU
		{7253DB73-C962-439B-85DE-19E23A4E8396}.Release|iPhoneSimulator.ActiveCfg = Release|Any CPU
		{7253DB73-C962-439B-85DE-19E23A4E8396}.Release|iPhoneSimulator.Build.0 = Release|Any CPU
		{7253DB73-C962-439B-85DE-19E23A4E8396}.Release|iPhoneSimulator.Deploy.0 = Release|Any CPU
		{5446205D-AC93-439E-9127-47834485662A}.Debug|Any CPU.ActiveCfg = Debug|iPhone
		{5446205D-AC93-439E-9127-47834485662A}.Debug|Any CPU.Build.0 = Debug|iPhone
		{5446205D-AC93-439E-9127-47834485662A}.Debug|Any CPU.Deploy.0 = Debug|iPhone
		{5446205D-AC93-439E-9127-47834485662A}.Debug|iPhone.ActiveCfg = Debug|iPhone
		{5446205D-AC93-439E-9127-47834485662A}.Debug|iPhone.Build.0 = Debug|iPhone
		{5446205D-AC93-439E-9127-47834485662A}.Debug|iPhone.Deploy.0 = Debug|iPhone
		{5446205D-AC93-439E-9127-47834485662A}.Debug|iPhoneSimulator.ActiveCfg = Debug|iPhoneSimulator
		{5446205D-AC93-439E-9127-47834485662A}.Debug|iPhoneSimulator.Build.0 = Debug|iPhoneSimulator
		{5446205D-AC93-439E-9127-47834485662A}.Debug|iPhoneSimulator.Deploy.0 = Debug|iPhoneSimulator
		{5446205D-AC93-439E-9127-47834485662A}.Release|Any CPU.ActiveCfg = Release|iPhone
		{5446205D-AC93-439E-9127-47834485662A}.Release|Any CPU.Build.0 = Release|iPhone
		{5446205D-AC93-439E-9127-47834485662A}.Release|Any CPU.Deploy.0 = Release|iPhone
		{5446205D-AC93-439E-9127-47834485662A}.Release|iPhone.ActiveCfg = Release|iPhone
		{5446205D-AC93-439E-9127-47834485662A}.Release|iPhone.Build.0 = Release|iPhone
		{5446205D-AC93-439E-9127-47834485662A}.Release|iPhone.Deploy.0 = Release|iPhone
		{5446205D-AC93-439E-9127-47834485662A}.Release|iPhoneSimulator.ActiveCfg = Release|iPhoneSimulator
		{5446205D-AC93-439E-9127-47834485662A}.Release|iPhoneSimulator.Build.0 = Release|iPhoneSimulator
		{5446205D-AC93-439E-9127-47834485662A}.Release|iPhoneSimulator.Deploy.0 = Release|iPhoneSimulator
		{E57F281B-8016-456F-8564-795EE012F75E}.Debug|Any CPU.ActiveCfg = Debug|Any CPU
		{E57F281B-8016-456F-8564-795EE012F75E}.Debug|Any CPU.Build.0 = Debug|Any CPU
		{E57F281B-8016-456F-8564-795EE012F75E}.Debug|Any CPU.Deploy.0 = Debug|Any CPU
		{E57F281B-8016-456F-8564-795EE012F75E}.Debug|iPhone.ActiveCfg = Debug|Any CPU
		{E57F281B-8016-456F-8564-795EE012F75E}.Debug|iPhone.Build.0 = Debug|Any CPU
		{E57F281B-8016-456F-8564-795EE012F75E}.Debug|iPhone.Deploy.0 = Debug|Any CPU
		{E57F281B-8016-456F-8564-795EE012F75E}.Debug|iPhoneSimulator.ActiveCfg = Debug|Any CPU
		{E57F281B-8016-456F-8564-795EE012F75E}.Debug|iPhoneSimulator.Build.0 = Debug|Any CPU
		{E57F281B-8016-456F-8564-795EE012F75E}.Debug|iPhoneSimulator.Deploy.0 = Debug|Any CPU
		{E57F281B-8016-456F-8564-795EE012F75E}.Release|Any CPU.ActiveCfg = Release|Any CPU
		{E57F281B-8016-456F-8564-795EE012F75E}.Release|Any CPU.Build.0 = Release|Any CPU
		{E57F281B-8016-456F-8564-795EE012F75E}.Release|Any CPU.Deploy.0 = Release|Any CPU
		{E57F281B-8016-456F-8564-795EE012F75E}.Release|iPhone.ActiveCfg = Release|Any CPU
		{E57F281B-8016-456F-8564-795EE012F75E}.Release|iPhone.Build.0 = Release|Any CPU
		{E57F281B-8016-456F-8564-795EE012F75E}.Release|iPhone.Deploy.0 = Release|Any CPU
		{E57F281B-8016-456F-8564-795EE012F75E}.Release|iPhoneSimulator.ActiveCfg = Release|Any CPU
		{E57F281B-8016-456F-8564-795EE012F75E}.Release|iPhoneSimulator.Build.0 = Release|Any CPU
		{E57F281B-8016-456F-8564-795EE012F75E}.Release|iPhoneSimulator.Deploy.0 = Release|Any CPU
		{EFC0E05F-2CFF-4520-8BC5-ACCADA885862}.Debug|Any CPU.ActiveCfg = Debug|Any CPU
		{EFC0E05F-2CFF-4520-8BC5-ACCADA885862}.Debug|Any CPU.Build.0 = Debug|Any CPU
		{EFC0E05F-2CFF-4520-8BC5-ACCADA885862}.Debug|Any CPU.Deploy.0 = Debug|Any CPU
		{EFC0E05F-2CFF-4520-8BC5-ACCADA885862}.Debug|iPhone.ActiveCfg = Debug|Any CPU
		{EFC0E05F-2CFF-4520-8BC5-ACCADA885862}.Debug|iPhone.Build.0 = Debug|Any CPU
		{EFC0E05F-2CFF-4520-8BC5-ACCADA885862}.Debug|iPhone.Deploy.0 = Debug|Any CPU
		{EFC0E05F-2CFF-4520-8BC5-ACCADA885862}.Debug|iPhoneSimulator.ActiveCfg = Debug|Any CPU
		{EFC0E05F-2CFF-4520-8BC5-ACCADA885862}.Debug|iPhoneSimulator.Build.0 = Debug|Any CPU
		{EFC0E05F-2CFF-4520-8BC5-ACCADA885862}.Debug|iPhoneSimulator.Deploy.0 = Debug|Any CPU
		{EFC0E05F-2CFF-4520-8BC5-ACCADA885862}.Release|Any CPU.ActiveCfg = Release|Any CPU
		{EFC0E05F-2CFF-4520-8BC5-ACCADA885862}.Release|Any CPU.Build.0 = Release|Any CPU
		{EFC0E05F-2CFF-4520-8BC5-ACCADA885862}.Release|Any CPU.Deploy.0 = Release|Any CPU
		{EFC0E05F-2CFF-4520-8BC5-ACCADA885862}.Release|iPhone.ActiveCfg = Release|Any CPU
		{EFC0E05F-2CFF-4520-8BC5-ACCADA885862}.Release|iPhone.Build.0 = Release|Any CPU
		{EFC0E05F-2CFF-4520-8BC5-ACCADA885862}.Release|iPhone.Deploy.0 = Release|Any CPU
		{EFC0E05F-2CFF-4520-8BC5-ACCADA885862}.Release|iPhoneSimulator.ActiveCfg = Release|Any CPU
		{EFC0E05F-2CFF-4520-8BC5-ACCADA885862}.Release|iPhoneSimulator.Build.0 = Release|Any CPU
		{EFC0E05F-2CFF-4520-8BC5-ACCADA885862}.Release|iPhoneSimulator.Deploy.0 = Release|Any CPU
		{DA4B28F7-27B6-4F6E-83D5-3A6A9AA35193}.Debug|Any CPU.ActiveCfg = Debug|Any CPU
		{DA4B28F7-27B6-4F6E-83D5-3A6A9AA35193}.Debug|Any CPU.Build.0 = Debug|Any CPU
		{DA4B28F7-27B6-4F6E-83D5-3A6A9AA35193}.Debug|iPhone.ActiveCfg = Debug|Any CPU
		{DA4B28F7-27B6-4F6E-83D5-3A6A9AA35193}.Debug|iPhone.Build.0 = Debug|Any CPU
		{DA4B28F7-27B6-4F6E-83D5-3A6A9AA35193}.Debug|iPhoneSimulator.ActiveCfg = Debug|Any CPU
		{DA4B28F7-27B6-4F6E-83D5-3A6A9AA35193}.Debug|iPhoneSimulator.Build.0 = Debug|Any CPU
		{DA4B28F7-27B6-4F6E-83D5-3A6A9AA35193}.Release|Any CPU.ActiveCfg = Release|Any CPU
		{DA4B28F7-27B6-4F6E-83D5-3A6A9AA35193}.Release|Any CPU.Build.0 = Release|Any CPU
		{DA4B28F7-27B6-4F6E-83D5-3A6A9AA35193}.Release|iPhone.ActiveCfg = Release|Any CPU
		{DA4B28F7-27B6-4F6E-83D5-3A6A9AA35193}.Release|iPhone.Build.0 = Release|Any CPU
		{DA4B28F7-27B6-4F6E-83D5-3A6A9AA35193}.Release|iPhoneSimulator.ActiveCfg = Release|Any CPU
		{DA4B28F7-27B6-4F6E-83D5-3A6A9AA35193}.Release|iPhoneSimulator.Build.0 = Release|Any CPU
		{2E62378E-81F2-4A71-92AF-4BADFFFC67EB}.Debug|Any CPU.ActiveCfg = Debug|Any CPU
		{2E62378E-81F2-4A71-92AF-4BADFFFC67EB}.Debug|Any CPU.Build.0 = Debug|Any CPU
		{2E62378E-81F2-4A71-92AF-4BADFFFC67EB}.Debug|iPhone.ActiveCfg = Debug|Any CPU
		{2E62378E-81F2-4A71-92AF-4BADFFFC67EB}.Debug|iPhone.Build.0 = Debug|Any CPU
		{2E62378E-81F2-4A71-92AF-4BADFFFC67EB}.Debug|iPhoneSimulator.ActiveCfg = Debug|Any CPU
		{2E62378E-81F2-4A71-92AF-4BADFFFC67EB}.Debug|iPhoneSimulator.Build.0 = Debug|Any CPU
		{2E62378E-81F2-4A71-92AF-4BADFFFC67EB}.Release|Any CPU.ActiveCfg = Release|Any CPU
		{2E62378E-81F2-4A71-92AF-4BADFFFC67EB}.Release|Any CPU.Build.0 = Release|Any CPU
		{2E62378E-81F2-4A71-92AF-4BADFFFC67EB}.Release|iPhone.ActiveCfg = Release|Any CPU
		{2E62378E-81F2-4A71-92AF-4BADFFFC67EB}.Release|iPhone.Build.0 = Release|Any CPU
		{2E62378E-81F2-4A71-92AF-4BADFFFC67EB}.Release|iPhoneSimulator.ActiveCfg = Release|Any CPU
		{2E62378E-81F2-4A71-92AF-4BADFFFC67EB}.Release|iPhoneSimulator.Build.0 = Release|Any CPU
	EndGlobalSection
	GlobalSection(SolutionProperties) = preSolution
		HideSolutionNode = FALSE
	EndGlobalSection
	GlobalSection(ExtensibilityGlobals) = postSolution
		SolutionGuid = {3037B809-400B-4F02-88D7-2B636957F98C}
	EndGlobalSection
EndGlobal
